
Microsoft Visual Studio Solution File, Format Version 12.00
# Visual Studio 15
VisualStudioVersion = 15.0.28307.1000
MinimumVisualStudioVersion = 10.0.40219.1
Project("{FAE04EC0-301F-11D3-BF4B-00C04F79EFBC}") = "Start", "Start\Start.csproj", "{19E58925-1A67-472A-B507-4DD0E3FD352B}"
EndProject
Project("{FAE04EC0-301F-11D3-BF4B-00C04F79EFBC}") = "Model", "Model\Model.csproj", "{C176A5B4-99ED-44F6-8990-F9B081409C11}"
EndProject
Global
	GlobalSection(SolutionConfigurationPlatforms) = preSolution
		Debug|Any CPU = Debug|Any CPU
		Release|Any CPU = Release|Any CPU
	EndGlobalSection
	GlobalSection(ProjectConfigurationPlatforms) = postSolution
		{19E58925-1A67-472A-B507-4DD0E3FD352B}.Debug|Any CPU.ActiveCfg = Debug|Any CPU
		{19E58925-1A67-472A-B507-4DD0E3FD352B}.Debug|Any CPU.Build.0 = Debug|Any CPU
		{19E58925-1A67-472A-B507-4DD0E3FD352B}.Release|Any CPU.ActiveCfg = Release|Any CPU
		{19E58925-1A67-472A-B507-4DD0E3FD352B}.Release|Any CPU.Build.0 = Release|Any CPU
		{C176A5B4-99ED-44F6-8990-F9B081409C11}.Debug|Any CPU.ActiveCfg = Debug|Any CPU
		{C176A5B4-99ED-44F6-8990-F9B081409C11}.Debug|Any CPU.Build.0 = Debug|Any CPU
		{C176A5B4-99ED-44F6-8990-F9B081409C11}.Release|Any CPU.ActiveCfg = Release|Any CPU
		{C176A5B4-99ED-44F6-8990-F9B081409C11}.Release|Any CPU.Build.0 = Release|Any CPU
	EndGlobalSection
	GlobalSection(SolutionProperties) = preSolution
		HideSolutionNode = FALSE
	EndGlobalSection
	GlobalSection(ExtensibilityGlobals) = postSolution
		SolutionGuid = {48D0FECB-D087-4E28-897F-CA3B4409883B}
	EndGlobalSection
EndGlobal
